
Microsoft Visual Studio Solution File, Format Version 12.00
# Visual Studio Version 17
VisualStudioVersion = 17.3.32811.315
MinimumVisualStudioVersion = 10.0.40219.1
Project("{2150E333-8FDC-42A3-9474-1A3956D46DE8}") = "src", "src", "{0175625C-ED9A-4826-9F40-34BF0569A16F}"
EndProject
Project("{2150E333-8FDC-42A3-9474-1A3956D46DE8}") = "netflix-api-core", "netflix-api-core", "{E92030A3-2621-48F7-98A3-34362B363691}"
EndProject
Project("{2150E333-8FDC-42A3-9474-1A3956D46DE8}") = "netflix-api-infraestructure", "netflix-api-infraestructure", "{F26C8119-84F1-4251-9B3E-3FF06B703886}"
EndProject
Project("{2150E333-8FDC-42A3-9474-1A3956D46DE8}") = "netflix-api-presentation", "netflix-api-presentation", "{66113C40-FD7D-47B0-B641-6B964D175685}"
EndProject
Project("{9A19103F-16F7-4668-BE54-9A1E7A4F7556}") = "netflix-api-application", "netflix-api-application\netflix-api-application.csproj", "{7A15FD81-3D77-48B5-8738-202B85C6235A}"
EndProject
Project("{9A19103F-16F7-4668-BE54-9A1E7A4F7556}") = "netflix-api-domain", "netflix-api-domain\netflix-api-domain.csproj", "{8E60A58E-A954-4B2A-A640-3C11FDE8D5A3}"
EndProject
Project("{9A19103F-16F7-4668-BE54-9A1E7A4F7556}") = "netflix-api-persistance", "netflix-api-persistance\netflix-api-persistance.csproj", "{6269B11C-105A-48D4-B5A4-E340DD4FC31A}"
EndProject
Project("{9A19103F-16F7-4668-BE54-9A1E7A4F7556}") = "netflix-api-shared", "netflix-api-shared\netflix-api-shared.csproj", "{585456DC-397C-4EC2-B787-40F16A449E5B}"
EndProject
Project("{9A19103F-16F7-4668-BE54-9A1E7A4F7556}") = "netflix-api-web", "netflix-api-web\netflix-api-web.csproj", "{46E7E65C-5592-4FAC-AD9D-02726A967859}"
EndProject
Project("{FAE04EC0-301F-11D3-BF4B-00C04F79EFBC}") = "netflix-api-identity", "netflix-api-identity\netflix-api-identity.csproj", "{65D8DB0A-E80F-46F8-91FC-5CAF29101C1B}"
EndProject
Global
	GlobalSection(SolutionConfigurationPlatforms) = preSolution
		Debug|Any CPU = Debug|Any CPU
		Release|Any CPU = Release|Any CPU
	EndGlobalSection
	GlobalSection(ProjectConfigurationPlatforms) = postSolution
		{7A15FD81-3D77-48B5-8738-202B85C6235A}.Debug|Any CPU.ActiveCfg = Debug|Any CPU
		{7A15FD81-3D77-48B5-8738-202B85C6235A}.Debug|Any CPU.Build.0 = Debug|Any CPU
		{7A15FD81-3D77-48B5-8738-202B85C6235A}.Release|Any CPU.ActiveCfg = Release|Any CPU
		{7A15FD81-3D77-48B5-8738-202B85C6235A}.Release|Any CPU.Build.0 = Release|Any CPU
		{8E60A58E-A954-4B2A-A640-3C11FDE8D5A3}.Debug|Any CPU.ActiveCfg = Debug|Any CPU
		{8E60A58E-A954-4B2A-A640-3C11FDE8D5A3}.Debug|Any CPU.Build.0 = Debug|Any CPU
		{8E60A58E-A954-4B2A-A640-3C11FDE8D5A3}.Release|Any CPU.ActiveCfg = Release|Any CPU
		{8E60A58E-A954-4B2A-A640-3C11FDE8D5A3}.Release|Any CPU.Build.0 = Release|Any CPU
		{6269B11C-105A-48D4-B5A4-E340DD4FC31A}.Debug|Any CPU.ActiveCfg = Debug|Any CPU
		{6269B11C-105A-48D4-B5A4-E340DD4FC31A}.Debug|Any CPU.Build.0 = Debug|Any CPU
		{6269B11C-105A-48D4-B5A4-E340DD4FC31A}.Release|Any CPU.ActiveCfg = Release|Any CPU
		{6269B11C-105A-48D4-B5A4-E340DD4FC31A}.Release|Any CPU.Build.0 = Release|Any CPU
		{585456DC-397C-4EC2-B787-40F16A449E5B}.Debug|Any CPU.ActiveCfg = Debug|Any CPU
		{585456DC-397C-4EC2-B787-40F16A449E5B}.Debug|Any CPU.Build.0 = Debug|Any CPU
		{585456DC-397C-4EC2-B787-40F16A449E5B}.Release|Any CPU.ActiveCfg = Release|Any CPU
		{585456DC-397C-4EC2-B787-40F16A449E5B}.Release|Any CPU.Build.0 = Release|Any CPU
		{46E7E65C-5592-4FAC-AD9D-02726A967859}.Debug|Any CPU.ActiveCfg = Debug|Any CPU
		{46E7E65C-5592-4FAC-AD9D-02726A967859}.Debug|Any CPU.Build.0 = Debug|Any CPU
		{46E7E65C-5592-4FAC-AD9D-02726A967859}.Release|Any CPU.ActiveCfg = Release|Any CPU
		{46E7E65C-5592-4FAC-AD9D-02726A967859}.Release|Any CPU.Build.0 = Release|Any CPU
		{65D8DB0A-E80F-46F8-91FC-5CAF29101C1B}.Debug|Any CPU.ActiveCfg = Debug|Any CPU
		{65D8DB0A-E80F-46F8-91FC-5CAF29101C1B}.Debug|Any CPU.Build.0 = Debug|Any CPU
		{65D8DB0A-E80F-46F8-91FC-5CAF29101C1B}.Release|Any CPU.ActiveCfg = Release|Any CPU
		{65D8DB0A-E80F-46F8-91FC-5CAF29101C1B}.Release|Any CPU.Build.0 = Release|Any CPU
	EndGlobalSection
	GlobalSection(SolutionProperties) = preSolution
		HideSolutionNode = FALSE
	EndGlobalSection
	GlobalSection(NestedProjects) = preSolution
		{E92030A3-2621-48F7-98A3-34362B363691} = {0175625C-ED9A-4826-9F40-34BF0569A16F}
		{F26C8119-84F1-4251-9B3E-3FF06B703886} = {0175625C-ED9A-4826-9F40-34BF0569A16F}
		{66113C40-FD7D-47B0-B641-6B964D175685} = {0175625C-ED9A-4826-9F40-34BF0569A16F}
		{7A15FD81-3D77-48B5-8738-202B85C6235A} = {E92030A3-2621-48F7-98A3-34362B363691}
		{8E60A58E-A954-4B2A-A640-3C11FDE8D5A3} = {E92030A3-2621-48F7-98A3-34362B363691}
		{6269B11C-105A-48D4-B5A4-E340DD4FC31A} = {F26C8119-84F1-4251-9B3E-3FF06B703886}
		{585456DC-397C-4EC2-B787-40F16A449E5B} = {F26C8119-84F1-4251-9B3E-3FF06B703886}
		{46E7E65C-5592-4FAC-AD9D-02726A967859} = {66113C40-FD7D-47B0-B641-6B964D175685}
		{65D8DB0A-E80F-46F8-91FC-5CAF29101C1B} = {F26C8119-84F1-4251-9B3E-3FF06B703886}
	EndGlobalSection
	GlobalSection(ExtensibilityGlobals) = postSolution
		SolutionGuid = {7E7A412A-39D3-4992-A301-13C516BDACE6}
	EndGlobalSection
EndGlobal
